
Microsoft Visual Studio Solution File, Format Version 12.00
# Visual Studio Version 17
VisualStudioVersion = 17.10.35013.160
MinimumVisualStudioVersion = 10.0.40219.1
Project("{FAE04EC0-301F-11D3-BF4B-00C04F79EFBC}") = "Beeleraning", "Beeleraning\Beeleraning.csproj", "{8435A96F-2A21-42D6-9F32-1DCCCDA44047}"
EndProject
Global
	GlobalSection(SolutionConfigurationPlatforms) = preSolution
		Debug|Any CPU = Debug|Any CPU
		Release|Any CPU = Release|Any CPU
	EndGlobalSection
	GlobalSection(ProjectConfigurationPlatforms) = postSolution
		{8435A96F-2A21-42D6-9F32-1DCCCDA44047}.Debug|Any CPU.ActiveCfg = Debug|Any CPU
		{8435A96F-2A21-42D6-9F32-1DCCCDA44047}.Debug|Any CPU.Build.0 = Debug|Any CPU
		{8435A96F-2A21-42D6-9F32-1DCCCDA44047}.Release|Any CPU.ActiveCfg = Release|Any CPU
		{8435A96F-2A21-42D6-9F32-1DCCCDA44047}.Release|Any CPU.Build.0 = Release|Any CPU
	EndGlobalSection
	GlobalSection(SolutionProperties) = preSolution
		HideSolutionNode = FALSE
	EndGlobalSection
	GlobalSection(ExtensibilityGlobals) = postSolution
		SolutionGuid = {B9194DF1-D3F0-4158-B7A0-3C2B54603CCD}
	EndGlobalSection
EndGlobal
